{
    "_meta": {
        "hash": {
            "sha256": "b2a78904d2fd851c11de0546e9581a9baa2aaf60ef468ecb72be06199c82af85"
        },
        "pipfile-spec": 6,
        "requires": {
            "python_version": "3.10"
        },
        "sources": [
            {
                "name": "pypi",
                "url": "https://pypi.org/simple",
                "verify_ssl": true
            }
        ]
    },
    "default": {
        "restrictedpython": {
            "hashes": [
                "sha256:56d0c73e5de1757702053383601b0fcd3fb2e428039ee1df860409ad67b17d2b",
                "sha256:875aeb51c139d78e34cef8605dc65309b449168060dd08551a1fe9edb47cb9a5"
            ],
            "index": "pypi",
            "markers": "python_version < '3.13' and python_version >= '3.7'",
            "version": "==7.1"
        }
    },
    "develop": {}
}
